
Microsoft Visual Studio Solution File, Format Version 12.00
# Visual Studio Version 16
VisualStudioVersion = 16.0.31829.152
MinimumVisualStudioVersion = 10.0.40219.1
Project("{FAE04EC0-301F-11D3-BF4B-00C04F79EFBC}") = "MB_DONNES", "MB_DONNES\MB_DONNES.csproj", "{1CB0490A-E127-4DD3-A4BA-C46282F1BA8D}"
EndProject
Project("{FAE04EC0-301F-11D3-BF4B-00C04F79EFBC}") = "MB_PRESENTATION", "MB_PRESENTATION\MB_PRESENTATION.csproj", "{B2326681-7684-453E-8011-BC0716F8AC60}"
EndProject
Project("{FAE04EC0-301F-11D3-BF4B-00C04F79EFBC}") = "MB_METIER", "MB_METIER\MB_METIER.csproj", "{71EC3AC7-F3A1-4AF3-AC2B-21F086B81F17}"
EndProject
Global
	GlobalSection(SolutionConfigurationPlatforms) = preSolution
		Debug|Any CPU = Debug|Any CPU
		Release|Any CPU = Release|Any CPU
	EndGlobalSection
	GlobalSection(ProjectConfigurationPlatforms) = postSolution
		{1CB0490A-E127-4DD3-A4BA-C46282F1BA8D}.Debug|Any CPU.ActiveCfg = Debug|Any CPU
		{1CB0490A-E127-4DD3-A4BA-C46282F1BA8D}.Debug|Any CPU.Build.0 = Debug|Any CPU
		{1CB0490A-E127-4DD3-A4BA-C46282F1BA8D}.Release|Any CPU.ActiveCfg = Release|Any CPU
		{1CB0490A-E127-4DD3-A4BA-C46282F1BA8D}.Release|Any CPU.Build.0 = Release|Any CPU
		{B2326681-7684-453E-8011-BC0716F8AC60}.Debug|Any CPU.ActiveCfg = Debug|Any CPU
		{B2326681-7684-453E-8011-BC0716F8AC60}.Debug|Any CPU.Build.0 = Debug|Any CPU
		{B2326681-7684-453E-8011-BC0716F8AC60}.Release|Any CPU.ActiveCfg = Release|Any CPU
		{B2326681-7684-453E-8011-BC0716F8AC60}.Release|Any CPU.Build.0 = Release|Any CPU
		{71EC3AC7-F3A1-4AF3-AC2B-21F086B81F17}.Debug|Any CPU.ActiveCfg = Debug|Any CPU
		{71EC3AC7-F3A1-4AF3-AC2B-21F086B81F17}.Debug|Any CPU.Build.0 = Debug|Any CPU
		{71EC3AC7-F3A1-4AF3-AC2B-21F086B81F17}.Release|Any CPU.ActiveCfg = Release|Any CPU
		{71EC3AC7-F3A1-4AF3-AC2B-21F086B81F17}.Release|Any CPU.Build.0 = Release|Any CPU
	EndGlobalSection
	GlobalSection(SolutionProperties) = preSolution
		HideSolutionNode = FALSE
	EndGlobalSection
	GlobalSection(ExtensibilityGlobals) = postSolution
		SolutionGuid = {39E8C5C1-7332-4797-A6B6-A90047680FF0}
	EndGlobalSection
EndGlobal
